
Microsoft Visual Studio Solution File, Format Version 12.00
# Visual Studio Version 16
VisualStudioVersion = 16.0.31025.194
MinimumVisualStudioVersion = 10.0.40219.1
Project("{888888A0-9F3D-457C-B088-3A5042F75D52}") = "Operatorok", "Operatorok\Operatorok.pyproj", "{AAB487AE-EB1F-4390-B1B1-0264C5D617F5}"
EndProject
Global
	GlobalSection(SolutionConfigurationPlatforms) = preSolution
		Debug|Any CPU = Debug|Any CPU
		Release|Any CPU = Release|Any CPU
	EndGlobalSection
	GlobalSection(ProjectConfigurationPlatforms) = postSolution
		{AAB487AE-EB1F-4390-B1B1-0264C5D617F5}.Debug|Any CPU.ActiveCfg = Debug|Any CPU
		{AAB487AE-EB1F-4390-B1B1-0264C5D617F5}.Release|Any CPU.ActiveCfg = Release|Any CPU
	EndGlobalSection
	GlobalSection(SolutionProperties) = preSolution
		HideSolutionNode = FALSE
	EndGlobalSection
	GlobalSection(ExtensibilityGlobals) = postSolution
		SolutionGuid = {DE60BC1E-B4AD-4259-AAE8-426E4DF1BB65}
	EndGlobalSection
EndGlobal
